
Microsoft Visual Studio Solution File, Format Version 12.00
# Visual Studio Version 17
VisualStudioVersion = 17.10.34916.146
MinimumVisualStudioVersion = 10.0.40219.1
Project("{FAE04EC0-301F-11D3-BF4B-00C04F79EFBC}") = "CourierEstimator.App", "CourierEstimator.App\CourierEstimator.App.csproj", "{4A43F918-1776-4CA8-A6A4-20E8E8B01EBE}"
EndProject
Global
	GlobalSection(SolutionConfigurationPlatforms) = preSolution
		Debug|Any CPU = Debug|Any CPU
		Release|Any CPU = Release|Any CPU
	EndGlobalSection
	GlobalSection(ProjectConfigurationPlatforms) = postSolution
		{4A43F918-1776-4CA8-A6A4-20E8E8B01EBE}.Debug|Any CPU.ActiveCfg = Debug|Any CPU
		{4A43F918-1776-4CA8-A6A4-20E8E8B01EBE}.Debug|Any CPU.Build.0 = Debug|Any CPU
		{4A43F918-1776-4CA8-A6A4-20E8E8B01EBE}.Release|Any CPU.ActiveCfg = Release|Any CPU
		{4A43F918-1776-4CA8-A6A4-20E8E8B01EBE}.Release|Any CPU.Build.0 = Release|Any CPU
	EndGlobalSection
	GlobalSection(SolutionProperties) = preSolution
		HideSolutionNode = FALSE
	EndGlobalSection
	GlobalSection(ExtensibilityGlobals) = postSolution
		SolutionGuid = {1125E117-ADBE-4AFA-9694-0F7B086E6A65}
	EndGlobalSection
EndGlobal
